<?xml version="1.0" encoding="utf-8"?>
<Project ToolsVersion="4.0" xmlns="http://schemas.microsoft.com/developer/msbuild/2003">
  <ItemGroup>
    <Filter Include="Resource Files">
      <UniqueIdentifier>{67DA6AB6-F800-4c08-8B7A-83BB121AAD01}</UniqueIdentifier>
      <Extensions>rc;ico;cur;bmp;dlg;rc2;rct;bin;rgs;gif;jpg;jpeg;jpe;resx;tiff;tif;png;wav;mfcribbon-ms</Extensions>
    </Filter>
    <Filter Include="Private">
      <UniqueIdentifier>{4FC737F1-C7A5-4376-A066-2A32D752A2FF}</UniqueIdentifier>
      <Extensions>cpp;c;cc;cxx;c++;cppm;ixx;def;odl;idl;hpj;bat;asm;asmx</Extensions>
    </Filter>
    <Filter Include="Public">
      <UniqueIdentifier>{93995380-89BD-4b04-88EB-625FBE52EBFB}</UniqueIdentifier>
      <Extensions>h;hh;hpp;hxx;h++;hm;inl;inc;ipp;xsd</Extensions>
    </Filter>
    <Filter Include="DX12">
      <UniqueIdentifier>{de98eb37-2ba9-4c81-9073-aa8be3f302d7}</UniqueIdentifier>
    </Filter>
  </ItemGroup>
  <ItemGroup>
    <ClInclude Include="GameTimer.h">
      <Filter>Public</Filter>
    </ClInclude>
    <ClInclude Include="MathHelper.h">
      <Filter>Public</Filter>
    </ClInclude>
    <ClInclude Include="stdafx.h">
      <Filter>Public</Filter>
    </ClInclude>
    <ClInclude Include="StaticMesh.h">
      <Filter>Public</Filter>
    </ClInclude>
    <ClInclude Include="MyMath.h">
      <Filter>Public</Filter>
    </ClInclude>
    <ClInclude Include="Scene.h">
      <Filter>Public</Filter>
    </ClInclude>
    <ClInclude Include="Application.h">
      <Filter>Public</Filter>
    </ClInclude>
    <ClInclude Include="TitanEngine.h">
      <Filter>Public</Filter>
    </ClInclude>
    <ClInclude Include="Camera.h">
      <Filter>Public</Filter>
    </ClInclude>
    <ClInclude Include="Window.h">
      <Filter>Public</Filter>
    </ClInclude>
    <ClInclude Include="ResourceManager.h">
      <Filter>Public</Filter>
    </ClInclude>
    <ClInclude Include="Game.h">
      <Filter>Public</Filter>
    </ClInclude>
    <ClInclude Include="Win32Window.h">
      <Filter>Public</Filter>
    </ClInclude>
    <ClInclude Include="Input.h">
      <Filter>Public</Filter>
    </ClInclude>
    <ClInclude Include="WinInput.h">
      <Filter>Public</Filter>
    </ClInclude>
    <ClInclude Include="Renderer.h">
      <Filter>Public</Filter>
    </ClInclude>
    <ClInclude Include="FRHI.h">
      <Filter>Public</Filter>
    </ClInclude>
    <ClInclude Include="TResource.h">
      <Filter>Public</Filter>
    </ClInclude>
    <ClInclude Include="TTexTure.h">
      <Filter>Public</Filter>
    </ClInclude>
    <ClInclude Include="TRHIResource.h">
      <Filter>Public</Filter>
    </ClInclude>
    <ClInclude Include="TRHITexture.h">
      <Filter>Public</Filter>
    </ClInclude>
    <ClInclude Include="GPUResourceManager.h">
      <Filter>Public</Filter>
    </ClInclude>
    <ClInclude Include="d3dUtil.h">
      <Filter>DX12</Filter>
    </ClInclude>
    <ClInclude Include="d3dx12.h">
      <Filter>DX12</Filter>
    </ClInclude>
    <ClInclude Include="DDSTextureLoader.h">
      <Filter>DX12</Filter>
    </ClInclude>
    <ClInclude Include="FRHIDX12.h">
      <Filter>DX12</Filter>
    </ClInclude>
    <ClInclude Include="TMeshBufferDX12.h">
      <Filter>DX12</Filter>
    </ClInclude>
    <ClInclude Include="TTextureDX12.h">
      <Filter>DX12</Filter>
    </ClInclude>
    <ClInclude Include="UploadBuffer.h">
      <Filter>DX12</Filter>
    </ClInclude>
    <ClInclude Include="TMaterial.h">
      <Filter>Public</Filter>
    </ClInclude>
    <ClInclude Include="TLight.h">
      <Filter>Public</Filter>
    </ClInclude>
    <ClInclude Include="Primitive.h">
      <Filter>Public</Filter>
    </ClInclude>
    <ClInclude Include="TStruct.h">
      <Filter>Public</Filter>
    </ClInclude>
    <ClInclude Include="TRenderTarget.h">
      <Filter>Public</Filter>
    </ClInclude>
    <ClInclude Include="TRenderTargetDX12.h">
      <Filter>DX12</Filter>
    </ClInclude>
    <ClInclude Include="ShadowMap.h">
      <Filter>Public</Filter>
    </ClInclude>
    <ClInclude Include="ShadowMapDX12.h">
      <Filter>DX12</Filter>
    </ClInclude>
    <ClInclude Include="THeapManager.h">
      <Filter>DX12</Filter>
    </ClInclude>
    <ClInclude Include="THeap.h">
      <Filter>DX12</Filter>
    </ClInclude>
  </ItemGroup>
  <ItemGroup>
    <ClCompile Include="GameTimer.cpp">
      <Filter>Private</Filter>
    </ClCompile>
    <ClCompile Include="MathHelper.cpp">
      <Filter>Private</Filter>
    </ClCompile>
    <ClCompile Include="stdafx.cpp">
      <Filter>Private</Filter>
    </ClCompile>
    <ClCompile Include="StaticMesh.cpp">
      <Filter>Private</Filter>
    </ClCompile>
    <ClCompile Include="Scene.cpp">
      <Filter>Private</Filter>
    </ClCompile>
    <ClCompile Include="main.cpp">
      <Filter>Private</Filter>
    </ClCompile>
    <ClCompile Include="TitanEngine.cpp">
      <Filter>Private</Filter>
    </ClCompile>
    <ClCompile Include="Camera.cpp">
      <Filter>Private</Filter>
    </ClCompile>
    <ClCompile Include="Window.cpp">
      <Filter>Private</Filter>
    </ClCompile>
    <ClCompile Include="ResourceManager.cpp">
      <Filter>Private</Filter>
    </ClCompile>
    <ClCompile Include="Game.cpp">
      <Filter>Private</Filter>
    </ClCompile>
    <ClCompile Include="Win32Window.cpp">
      <Filter>Private</Filter>
    </ClCompile>
    <ClCompile Include="Input.cpp">
      <Filter>Private</Filter>
    </ClCompile>
    <ClCompile Include="WinInput.cpp">
      <Filter>Private</Filter>
    </ClCompile>
    <ClCompile Include="Renderer.cpp">
      <Filter>Private</Filter>
    </ClCompile>
    <ClCompile Include="FRHI.cpp">
      <Filter>Private</Filter>
    </ClCompile>
    <ClCompile Include="TResource.cpp">
      <Filter>Private</Filter>
    </ClCompile>
    <ClCompile Include="TTexTure.cpp">
      <Filter>Private</Filter>
    </ClCompile>
    <ClCompile Include="TRHIResource.cpp">
      <Filter>Private</Filter>
    </ClCompile>
    <ClCompile Include="TRHITexture.cpp">
      <Filter>Private</Filter>
    </ClCompile>
    <ClCompile Include="GPUResourceManager.cpp">
      <Filter>Private</Filter>
    </ClCompile>
    <ClCompile Include="DDSTextureLoader.cpp">
      <Filter>DX12</Filter>
    </ClCompile>
    <ClCompile Include="d3dUtil.cpp">
      <Filter>DX12</Filter>
    </ClCompile>
    <ClCompile Include="FRHIDX12.cpp">
      <Filter>DX12</Filter>
    </ClCompile>
    <ClCompile Include="TMeshBufferDX12.cpp">
      <Filter>DX12</Filter>
    </ClCompile>
    <ClCompile Include="TTextureDX12.cpp">
      <Filter>DX12</Filter>
    </ClCompile>
    <ClCompile Include="TMaterial.cpp">
      <Filter>Private</Filter>
    </ClCompile>
    <ClCompile Include="TLight.cpp">
      <Filter>Private</Filter>
    </ClCompile>
    <ClCompile Include="Primitive.cpp">
      <Filter>Private</Filter>
    </ClCompile>
    <ClCompile Include="TStruct.cpp">
      <Filter>Private</Filter>
    </ClCompile>
    <ClCompile Include="TRenderTarget.cpp">
      <Filter>Private</Filter>
    </ClCompile>
    <ClCompile Include="TRenderTargetDX12.cpp">
      <Filter>DX12</Filter>
    </ClCompile>
    <ClCompile Include="ShadowMap.cpp">
      <Filter>Private</Filter>
    </ClCompile>
    <ClCompile Include="ShadowMapDX12.cpp">
      <Filter>DX12</Filter>
    </ClCompile>
    <ClCompile Include="THeapManager.cpp">
      <Filter>DX12</Filter>
    </ClCompile>
    <ClCompile Include="THeap.cpp">
      <Filter>DX12</Filter>
    </ClCompile>
  </ItemGroup>
</Project>